[[package]]
category = "main"
description = "High level compatibility layer for multiple asynchronous event loop implementations"
name = "anyio"
optional = false
python-versions = ">= 3.5.3"
version = "1.2.3"

[package.dependencies]
async-generator = "*"
sniffio = ">=1.1"

[[package]]
category = "main"
description = "A small Python module for determining appropriate platform-specific dirs, e.g. a \"user data dir\"."
name = "appdirs"
optional = false
python-versions = "*"
version = "1.4.3"

[[package]]
category = "main"
description = "Async generators and context managers for Python 3.5+"
name = "async-generator"
optional = false
python-versions = ">=3.5"
version = "1.10"

[[package]]
category = "main"
description = "A simple anyio-compatible fork of Click, for powerful command line utilities."
name = "asyncclick"
optional = false
python-versions = ">=3.6"
version = "7.0.9"

[package.dependencies]
anyio = "*"

[[package]]
category = "dev"
description = "Classes Without Boilerplate"
name = "attrs"
optional = false
python-versions = ">=2.7, !=3.0.*, !=3.1.*, !=3.2.*, !=3.3.*"
version = "19.3.0"

[[package]]
category = "dev"
description = "The uncompromising code formatter."
name = "black"
optional = false
python-versions = ">=3.6"
version = "18.9b0"

[package.dependencies]
appdirs = "*"
attrs = ">=17.4.0"
click = ">=6.5"
toml = ">=0.9.4"

[[package]]
category = "dev"
description = "Composable command line interface toolkit"
name = "click"
optional = false
python-versions = ">=2.7, !=3.0.*, !=3.1.*, !=3.2.*, !=3.3.*"
version = "7.0"

[[package]]
category = "main"
description = "A backport of the dataclasses module for Python 3.6"
name = "dataclasses"
optional = false
python-versions = "*"
version = "0.6"

[[package]]
category = "main"
description = "A port of node.js's EventEmitter to python."
name = "pyee"
optional = false
python-versions = "*"
version = "7.0.1"

[[package]]
category = "main"
description = "Headless chrome/chromium automation library (unofficial port of puppeteer)"
name = "pyppeteer2"
optional = false
python-versions = ">=3.6.1,<4.0.0"
version = "0.2.2"

[package.dependencies]
appdirs = ">=1.4.3,<2.0.0"
pyee = ">=7.0.1,<8.0.0"
tqdm = ">=4.42.1,<5.0.0"
urllib3 = ">=1.25.8,<2.0.0"
websockets = ">=8.1,<9.0"

[[package]]
category = "main"
description = "Fetch location and size of physical screens."
name = "screeninfo"
optional = false
python-versions = "*"
version = "0.6.1"

[package.dependencies]
dataclasses = "*"

[[package]]
category = "main"
description = "Sniff out which async library your code is running under"
name = "sniffio"
optional = false
python-versions = ">=3.5"
version = "1.1.0"

[[package]]
category = "main"
description = "The little ASGI library that shines."
name = "starlette"
optional = false
python-versions = ">=3.6"
version = "0.13.1"

[[package]]
category = "dev"
description = "Python Library for Tom's Obvious, Minimal Language"
name = "toml"
optional = false
python-versions = "*"
version = "0.10.0"

[[package]]
category = "main"
description = "Fast, Extensible Progress Meter"
name = "tqdm"
optional = false
python-versions = ">=2.6, !=3.0.*, !=3.1.*"
version = "4.43.0"

[[package]]
category = "main"
description = "HTTP library with thread-safe connection pooling, file post, and more."
name = "urllib3"
optional = false
python-versions = ">=2.7, !=3.0.*, !=3.1.*, !=3.2.*, !=3.3.*, !=3.4.*, <4"
version = "1.25.8"

[[package]]
category = "main"
description = "An implementation of the WebSocket Protocol (RFC 6455 & 7692)"
name = "websockets"
optional = false
python-versions = ">=3.6.1"
version = "8.1"

[metadata]
content-hash = "70379d4393b8df1e4ce680a05c390491ffee4f0ad9ab9ed2420c3a9c087bff93"
python-versions = "^3.7"

[metadata.hashes]
anyio = ["2b758634cf1adc3589937d91f6736b3696d091c1485a10c9cc3f1bd5e6d96813", "78db97333af17381cadd2cc0dbd3d4e0258e4932368eab8895cb65a269db054e"]
appdirs = ["9e5896d1372858f8dd3344faf4e5014d21849c756c8d5701f78f8a103b372d92", "d8b24664561d0d34ddfaec54636d502d7cea6e29c3eaf68f3df6180863e2166e"]
async-generator = ["01c7bf666359b4967d2cda0000cc2e4af16a0ae098cbffcb8472fb9e8ad6585b", "6ebb3d106c12920aaae42ccb6f787ef5eefdcdd166ea3d628fa8476abe712144"]
asyncclick = ["62cebf3eca36d973802e2dd521ca1db11c5bf4544e9795e093d1a53cb688a8c2"]
attrs = ["08a96c641c3a74e44eb59afb61a24f2cb9f4d7188748e76ba4bb5edfa3cb7d1c", "f7b7ce16570fe9965acd6d30101a28f62fb4a7f9e926b3bbc9b61f8b04247e72"]
black = ["817243426042db1d36617910df579a54f1afd659adb96fc5032fcf4b36209739", "e030a9a28f542debc08acceb273f228ac422798e5215ba2a791a6ddeaaca22a5"]
click = ["2335065e6395b9e67ca716de5f7526736bfa6ceead690adf616d925bdc622b13", "5b94b49521f6456670fdb30cd82a4eca9412788a93fa6dd6df72c94d5a8ff2d7"]
dataclasses = ["454a69d788c7fda44efd71e259be79577822f5e3f53f029a22d08004e951dc9f", "6988bd2b895eef432d562370bb707d540f32f7360ab13da45340101bc2307d84"]
pyee = ["705806bb09bc4b17a729d9a3d19a4f4e765abd010eb18e032d72f76452d07552", "b0e5b89b17c8bd52a3c6517a545187907a8c69ce90169d29ebd8d2d5d7e4bc7d"]
pyppeteer2 = ["61c8aa4d6ae8d751bf9b6dfbe5b38710ce82b4bde2e47f1f34811fcf61c9290f", "a469e08b67d6bd87c29d7b5e401d7843213e2a535b3ffbe39a00635535662a46"]
screeninfo = ["811b61e10af7dd1f5e9cd246b4faf4f93b478757a8a6ace28c64754d2f1aff03"]
sniffio = ["20ed6d5b46f8ae136d00b9dcb807615d83ed82ceea6b2058cecb696765246da5", "8e3810100f69fe0edd463d02ad407112542a11ffdc29f67db2bf3771afb87a21"]
starlette = ["009ff25d0a96bd62272ae199a61a9e6b40b2f0be592459e61be80d631944d613", "b5b76bdb34b8073e4ec37e8791e250db9cde99953ca927de452e158c6845dcdd"]
toml = ["229f81c57791a41d65e399fc06bf0848bab550a9dfd5ed66df18ce5f05e73d5c", "235682dd292d5899d361a811df37e04a8828a5b1da3115886b73cf81ebc9100e", "f1db651f9657708513243e61e6cc67d101a39bad662eaa9b5546f789338e07a3"]
tqdm = ["0d8b5afb66e23d80433102e9bd8b5c8b65d34c2a2255b2de58d97bd2ea8170fd", "f35fb121bafa030bd94e74fcfd44f3c2830039a2ddef7fc87ef1c2d205237b24"]
urllib3 = ["2f3db8b19923a873b3e5256dc9c2dedfa883e33d87c690d9c7913e1f40673cdc", "87716c2d2a7121198ebcb7ce7cccf6ce5e9ba539041cfbaeecfb641dc0bf6acc"]
websockets = ["0e4fb4de42701340bd2353bb2eee45314651caa6ccee80dbd5f5d5978888fed5", "1d3f1bf059d04a4e0eb4985a887d49195e15ebabc42364f4eb564b1d065793f5", "20891f0dddade307ffddf593c733a3fdb6b83e6f9eef85908113e628fa5a8308", "295359a2cc78736737dd88c343cd0747546b2174b5e1adc223824bcaf3e164cb", "2db62a9142e88535038a6bcfea70ef9447696ea77891aebb730a333a51ed559a", "3762791ab8b38948f0c4d281c8b2ddfa99b7e510e46bd8dfa942a5fff621068c", "3db87421956f1b0779a7564915875ba774295cc86e81bc671631379371af1170", "3ef56fcc7b1ff90de46ccd5a687bbd13a3180132268c4254fc0fa44ecf4fc422", "4f9f7d28ce1d8f1295717c2c25b732c2bc0645db3215cf757551c392177d7cb8", "5c01fd846263a75bc8a2b9542606927cfad57e7282965d96b93c387622487485", "5c65d2da8c6bce0fca2528f69f44b2f977e06954c8512a952222cea50dad430f", "751a556205d8245ff94aeef23546a1113b1dd4f6e4d102ded66c39b99c2ce6c8", "7ff46d441db78241f4c6c27b3868c9ae71473fe03341340d2dfdbe8d79310acc", "965889d9f0e2a75edd81a07592d0ced54daa5b0785f57dc429c378edbcffe779", "9b248ba3dd8a03b1a10b19efe7d4f7fa41d158fdaa95e2cf65af5a7b95a4f989", "9bef37ee224e104a413f0780e29adb3e514a5b698aabe0d969a6ba426b8435d1", "c1ec8db4fac31850286b7cd3b9c0e1b944204668b8eb721674916d4e28744092", "c8a116feafdb1f84607cb3b14aa1418424ae71fee131642fc568d21423b51824", "ce85b06a10fc65e6143518b96d3dca27b081a740bae261c2fb20375801a9d56d", "d705f8aeecdf3262379644e4b55107a3b55860eb812b673b28d0fbc347a60c55", "e898a0863421650f0bebac8ba40840fc02258ef4714cb7e1fd76b6a6354bda36", "f8a7bff6e8664afc4e6c28b983845c5bc14965030e3fb98789734d416af77c4b"]
